
Microsoft Visual Studio Solution File, Format Version 12.00
# Visual Studio 14
VisualStudioVersion = 14.0.25420.1
MinimumVisualStudioVersion = 10.0.40219.1
Project("{FAE04EC0-301F-11D3-BF4B-00C04F79EFBC}") = "VideoPlayer", "VideoPlayer.csproj", "{3B96C710-B796-493F-AAC0-58143068432E}"
EndProject
Project("{8BC9CEB8-8B4A-11D0-8D11-00A0C91BC942}") = "CreateDll", "CreateDll\CreateDll.vcxproj", "{D65D78C1-0DD5-4E08-9508-E0980449DF9A}"
EndProject
Project("{FAE04EC0-301F-11D3-BF4B-00C04F79EFBC}") = "WindowsFormsApplication1", "..\WindowsFormsApplication1\WindowsFormsApplication1.csproj", "{E154ACA7-ED9F-4AAF-BEF9-C9992AA7273F}"
EndProject
Global
	GlobalSection(SolutionConfigurationPlatforms) = preSolution
		Debug|Any CPU = Debug|Any CPU
		Debug|x64 = Debug|x64
		Debug|x86 = Debug|x86
		Release|Any CPU = Release|Any CPU
		Release|x64 = Release|x64
		Release|x86 = Release|x86
	EndGlobalSection
	GlobalSection(ProjectConfigurationPlatforms) = postSolution
		{3B96C710-B796-493F-AAC0-58143068432E}.Debug|Any CPU.ActiveCfg = Debug|Any CPU
		{3B96C710-B796-493F-AAC0-58143068432E}.Debug|Any CPU.Build.0 = Debug|Any CPU
		{3B96C710-B796-493F-AAC0-58143068432E}.Debug|x64.ActiveCfg = Debug|Any CPU
		{3B96C710-B796-493F-AAC0-58143068432E}.Debug|x64.Build.0 = Debug|Any CPU
		{3B96C710-B796-493F-AAC0-58143068432E}.Debug|x86.ActiveCfg = Debug|Any CPU
		{3B96C710-B796-493F-AAC0-58143068432E}.Debug|x86.Build.0 = Debug|Any CPU
		{3B96C710-B796-493F-AAC0-58143068432E}.Release|Any CPU.ActiveCfg = Release|Any CPU
		{3B96C710-B796-493F-AAC0-58143068432E}.Release|x64.ActiveCfg = Release|Any CPU
		{3B96C710-B796-493F-AAC0-58143068432E}.Release|x64.Build.0 = Release|Any CPU
		{3B96C710-B796-493F-AAC0-58143068432E}.Release|x86.ActiveCfg = Release|Any CPU
		{3B96C710-B796-493F-AAC0-58143068432E}.Release|x86.Build.0 = Release|Any CPU
		{D65D78C1-0DD5-4E08-9508-E0980449DF9A}.Debug|Any CPU.ActiveCfg = Debug|Win32
		{D65D78C1-0DD5-4E08-9508-E0980449DF9A}.Debug|x64.ActiveCfg = Debug|x64
		{D65D78C1-0DD5-4E08-9508-E0980449DF9A}.Debug|x64.Build.0 = Debug|x64
		{D65D78C1-0DD5-4E08-9508-E0980449DF9A}.Debug|x86.ActiveCfg = Debug|Win32
		{D65D78C1-0DD5-4E08-9508-E0980449DF9A}.Debug|x86.Build.0 = Debug|Win32
		{D65D78C1-0DD5-4E08-9508-E0980449DF9A}.Release|Any CPU.ActiveCfg = Release|Win32
		{D65D78C1-0DD5-4E08-9508-E0980449DF9A}.Release|Any CPU.Build.0 = Release|Win32
		{D65D78C1-0DD5-4E08-9508-E0980449DF9A}.Release|Any CPU.Deploy.0 = Release|Win32
		{D65D78C1-0DD5-4E08-9508-E0980449DF9A}.Release|x64.ActiveCfg = Release|x64
		{D65D78C1-0DD5-4E08-9508-E0980449DF9A}.Release|x64.Build.0 = Release|x64
		{D65D78C1-0DD5-4E08-9508-E0980449DF9A}.Release|x86.ActiveCfg = Release|Win32
		{D65D78C1-0DD5-4E08-9508-E0980449DF9A}.Release|x86.Build.0 = Release|Win32
		{E154ACA7-ED9F-4AAF-BEF9-C9992AA7273F}.Debug|Any CPU.ActiveCfg = Debug|Any CPU
		{E154ACA7-ED9F-4AAF-BEF9-C9992AA7273F}.Debug|Any CPU.Build.0 = Debug|Any CPU
		{E154ACA7-ED9F-4AAF-BEF9-C9992AA7273F}.Debug|x64.ActiveCfg = Debug|Any CPU
		{E154ACA7-ED9F-4AAF-BEF9-C9992AA7273F}.Debug|x64.Build.0 = Debug|Any CPU
		{E154ACA7-ED9F-4AAF-BEF9-C9992AA7273F}.Debug|x86.ActiveCfg = Debug|Any CPU
		{E154ACA7-ED9F-4AAF-BEF9-C9992AA7273F}.Debug|x86.Build.0 = Debug|Any CPU
		{E154ACA7-ED9F-4AAF-BEF9-C9992AA7273F}.Release|Any CPU.ActiveCfg = Release|Any CPU
		{E154ACA7-ED9F-4AAF-BEF9-C9992AA7273F}.Release|Any CPU.Build.0 = Release|Any CPU
		{E154ACA7-ED9F-4AAF-BEF9-C9992AA7273F}.Release|x64.ActiveCfg = Release|Any CPU
		{E154ACA7-ED9F-4AAF-BEF9-C9992AA7273F}.Release|x64.Build.0 = Release|Any CPU
		{E154ACA7-ED9F-4AAF-BEF9-C9992AA7273F}.Release|x86.ActiveCfg = Release|Any CPU
		{E154ACA7-ED9F-4AAF-BEF9-C9992AA7273F}.Release|x86.Build.0 = Release|Any CPU
	EndGlobalSection
	GlobalSection(SolutionProperties) = preSolution
		HideSolutionNode = FALSE
	EndGlobalSection
EndGlobal
